// !$*UTF8*$!
{
	archiveVersion = 1;
	classes = {
	};
	objectVersion = 50;
	objects = {

/* Begin PBXBuildFile section */
		21DA5CA221AE1F83009C7B73 /* AppDelegate.swift in Sources */ = {isa = PBXBuildFile; fileRef = 21DA5CA121AE1F83009C7B73 /* AppDelegate.swift */; };
		21DA5CA721AE1F83009C7B73 /* Main.storyboard in Resources */ = {isa = PBXBuildFile; fileRef = 21DA5CA521AE1F83009C7B73 /* Main.storyboard */; };
		21DA5CA921AE1F85009C7B73 /* Assets.xcassets in Resources */ = {isa = PBXBuildFile; fileRef = 21DA5CA821AE1F85009C7B73 /* Assets.xcassets */; };
		21DA5CAC21AE1F85009C7B73 /* LaunchScreen.storyboard in Resources */ = {isa = PBXBuildFile; fileRef = 21DA5CAA21AE1F85009C7B73 /* LaunchScreen.storyboard */; };
		21DA5CB521AE4140009C7B73 /* Note.swift in Sources */ = {isa = PBXBuildFile; fileRef = 21DA5CB421AE4140009C7B73 /* Note.swift */; };
		21DA5CBA21AE41A6009C7B73 /* NotesTableVC.swift in Sources */ = {isa = PBXBuildFile; fileRef = 21DA5CB921AE41A6009C7B73 /* NotesTableVC.swift */; };
		21DA5CC221AE5131009C7B73 /* NotesTableVC+Background.swift in Sources */ = {isa = PBXBuildFile; fileRef = 21DA5CC121AE5131009C7B73 /* NotesTableVC+Background.swift */; };
		21DA5CC921AE5552009C7B73 /* NotesTableVC+customDateFormatter.swift in Sources */ = {isa = PBXBuildFile; fileRef = 21DA5CC821AE5552009C7B73 /* NotesTableVC+customDateFormatter.swift */; };
		21DA5CCB21AE57F3009C7B73 /* DetailVC.swift in Sources */ = {isa = PBXBuildFile; fileRef = 21DA5CCA21AE57F3009C7B73 /* DetailVC.swift */; };
		21DA5CCE21AF4F31009C7B73 /* NotesTableVC+NavBar.swift in Sources */ = {isa = PBXBuildFile; fileRef = 21DA5CCD21AF4F31009C7B73 /* NotesTableVC+NavBar.swift */; };
		28AC5419B7468CF2C50E6283 /* Pods_HWS_M7_Notes.framework in Frameworks */ = {isa = PBXBuildFile; fileRef = E351934178422C45D7C8109A /* Pods_HWS_M7_Notes.framework */; };
/* End PBXBuildFile section */

/* Begin PBXFileReference section */
		1E6B49391BE175C9AB7BE9CB /* Pods-HWS-M7-Notes.debug.xcconfig */ = {isa = PBXFileReference; includeInIndex = 1; lastKnownFileType = text.xcconfig; name = "Pods-HWS-M7-Notes.debug.xcconfig"; path = "Pods/Target Support Files/Pods-HWS-M7-Notes/Pods-HWS-M7-Notes.debug.xcconfig"; sourceTree = "<group>"; };
		21DA5C9E21AE1F83009C7B73 /* HWS-M7-Notes.app */ = {isa = PBXFileReference; explicitFileType = wrapper.application; includeInIndex = 0; path = "HWS-M7-Notes.app"; sourceTree = BUILT_PRODUCTS_DIR; };
		21DA5CA121AE1F83009C7B73 /* AppDelegate.swift */ = {isa = PBXFileReference; lastKnownFileType = sourcecode.swift; path = AppDelegate.swift; sourceTree = "<group>"; };
		21DA5CA621AE1F83009C7B73 /* Base */ = {isa = PBXFileReference; lastKnownFileType = file.storyboard; name = Base; path = Base.lproj/Main.storyboard; sourceTree = "<group>"; };
		21DA5CA821AE1F85009C7B73 /* Assets.xcassets */ = {isa = PBXFileReference; lastKnownFileType = folder.assetcatalog; path = Assets.xcassets; sourceTree = "<group>"; };
		21DA5CAB21AE1F85009C7B73 /* Base */ = {isa = PBXFileReference; lastKnownFileType = file.storyboard; name = Base; path = Base.lproj/LaunchScreen.storyboard; sourceTree = "<group>"; };
		21DA5CAD21AE1F85009C7B73 /* Info.plist */ = {isa = PBXFileReference; lastKnownFileType = text.plist.xml; path = Info.plist; sourceTree = "<group>"; };
		21DA5CB421AE4140009C7B73 /* Note.swift */ = {isa = PBXFileReference; lastKnownFileType = sourcecode.swift; path = Note.swift; sourceTree = "<group>"; };
		21DA5CB921AE41A6009C7B73 /* NotesTableVC.swift */ = {isa = PBXFileReference; lastKnownFileType = sourcecode.swift; path = NotesTableVC.swift; sourceTree = "<group>"; };
		21DA5CC121AE5131009C7B73 /* NotesTableVC+Background.swift */ = {isa = PBXFileReference; lastKnownFileType = sourcecode.swift; path = "NotesTableVC+Background.swift"; sourceTree = "<group>"; };
		21DA5CC821AE5552009C7B73 /* NotesTableVC+customDateFormatter.swift */ = {isa = PBXFileReference; lastKnownFileType = sourcecode.swift; path = "NotesTableVC+customDateFormatter.swift"; sourceTree = "<group>"; };
		21DA5CCA21AE57F3009C7B73 /* DetailVC.swift */ = {isa = PBXFileReference; lastKnownFileType = sourcecode.swift; path = DetailVC.swift; sourceTree = "<group>"; };
		21DA5CCD21AF4F31009C7B73 /* NotesTableVC+NavBar.swift */ = {isa = PBXFileReference; lastKnownFileType = sourcecode.swift; path = "NotesTableVC+NavBar.swift"; sourceTree = "<group>"; };
		7C89CBC0A9BAB8837DD9F00C /* Pods-HWS-M7-Notes.release.xcconfig */ = {isa = PBXFileReference; includeInIndex = 1; lastKnownFileType = text.xcconfig; name = "Pods-HWS-M7-Notes.release.xcconfig"; path = "Pods/Target Support Files/Pods-HWS-M7-Notes/Pods-HWS-M7-Notes.release.xcconfig"; sourceTree = "<group>"; };
		E351934178422C45D7C8109A /* Pods_HWS_M7_Notes.framework */ = {isa = PBXFileReference; explicitFileType = wrapper.framework; includeInIndex = 0; path = Pods_HWS_M7_Notes.framework; sourceTree = BUILT_PRODUCTS_DIR; };
/* End PBXFileReference section */

/* Begin PBXFrameworksBuildPhase section */
		21DA5C9B21AE1F83009C7B73 /* Frameworks */ = {
			isa = PBXFrameworksBuildPhase;
			buildActionMask = 2147483647;
			files = (
				28AC5419B7468CF2C50E6283 /* Pods_HWS_M7_Notes.framework in Frameworks */,
			);
			runOnlyForDeploymentPostprocessing = 0;
		};
/* End PBXFrameworksBuildPhase section */

/* Begin PBXGroup section */
		21DA5C9521AE1F83009C7B73 = {
			isa = PBXGroup;
			children = (
				21DA5CA021AE1F83009C7B73 /* HWS-M7-Notes */,
				21DA5C9F21AE1F83009C7B73 /* Products */,
				ECBCCAB189593DB09D3364A8 /* Pods */,
				CA1C03F62B7EE3574F196D53 /* Frameworks */,
			);
			sourceTree = "<group>";
		};
		21DA5C9F21AE1F83009C7B73 /* Products */ = {
			isa = PBXGroup;
			children = (
				21DA5C9E21AE1F83009C7B73 /* HWS-M7-Notes.app */,
			);
			name = Products;
			sourceTree = "<group>";
		};
		21DA5CA021AE1F83009C7B73 /* HWS-M7-Notes */ = {
			isa = PBXGroup;
			children = (
				21DA5CB721AE4157009C7B73 /* Models */,
				21DA5CB821AE416F009C7B73 /* Views */,
				21DA5CBB21AE41D0009C7B73 /* Controllers */,
				21DA5CBC21AE41EA009C7B73 /* Supporting Files */,
				21DA5CAD21AE1F85009C7B73 /* Info.plist */,
			);
			path = "HWS-M7-Notes";
			sourceTree = "<group>";
		};
		21DA5CB721AE4157009C7B73 /* Models */ = {
			isa = PBXGroup;
			children = (
				21DA5CB421AE4140009C7B73 /* Note.swift */,
			);
			path = Models;
			sourceTree = "<group>";
		};
		21DA5CB821AE416F009C7B73 /* Views */ = {
			isa = PBXGroup;
			children = (
				21DA5CA521AE1F83009C7B73 /* Main.storyboard */,
			);
			path = Views;
			sourceTree = "<group>";
		};
		21DA5CBB21AE41D0009C7B73 /* Controllers */ = {
			isa = PBXGroup;
			children = (
				21DA5CC321AE5139009C7B73 /* NotesTableVC */,
				21DA5CCC21AE57F8009C7B73 /* DetailVC */,
			);
			path = Controllers;
			sourceTree = "<group>";
		};
		21DA5CBC21AE41EA009C7B73 /* Supporting Files */ = {
			isa = PBXGroup;
			children = (
				21DA5CA821AE1F85009C7B73 /* Assets.xcassets */,
				21DA5CA121AE1F83009C7B73 /* AppDelegate.swift */,
				21DA5CAA21AE1F85009C7B73 /* LaunchScreen.storyboard */,
			);
			path = "Supporting Files";
			sourceTree = "<group>";
		};
		21DA5CC321AE5139009C7B73 /* NotesTableVC */ = {
			isa = PBXGroup;
			children = (
				21DA5CB921AE41A6009C7B73 /* NotesTableVC.swift */,
				21DA5CCD21AF4F31009C7B73 /* NotesTableVC+NavBar.swift */,
				21DA5CC121AE5131009C7B73 /* NotesTableVC+Background.swift */,
				21DA5CC821AE5552009C7B73 /* NotesTableVC+customDateFormatter.swift */,
			);
			path = NotesTableVC;
			sourceTree = "<group>";
		};
		21DA5CCC21AE57F8009C7B73 /* DetailVC */ = {
			isa = PBXGroup;
			children = (
				21DA5CCA21AE57F3009C7B73 /* DetailVC.swift */,
			);
			path = DetailVC;
			sourceTree = "<group>";
		};
		CA1C03F62B7EE3574F196D53 /* Frameworks */ = {
			isa = PBXGroup;
			children = (
				E351934178422C45D7C8109A /* Pods_HWS_M7_Notes.framework */,
			);
			name = Frameworks;
			sourceTree = "<group>";
		};
		ECBCCAB189593DB09D3364A8 /* Pods */ = {
			isa = PBXGroup;
			children = (
				1E6B49391BE175C9AB7BE9CB /* Pods-HWS-M7-Notes.debug.xcconfig */,
				7C89CBC0A9BAB8837DD9F00C /* Pods-HWS-M7-Notes.release.xcconfig */,
			);
			name = Pods;
			sourceTree = "<group>";
		};
/* End PBXGroup section */

/* Begin PBXNativeTarget section */
		21DA5C9D21AE1F83009C7B73 /* HWS-M7-Notes */ = {
			isa = PBXNativeTarget;
			buildConfigurationList = 21DA5CB021AE1F85009C7B73 /* Build configuration list for PBXNativeTarget "HWS-M7-Notes" */;
			buildPhases = (
				21DA5CB321AE2451009C7B73 /* ShellScript */,
				B47A9099DBAF076B6E0E3360 /* [CP] Check Pods Manifest.lock */,
				21DA5C9A21AE1F83009C7B73 /* Sources */,
				21DA5C9B21AE1F83009C7B73 /* Frameworks */,
				21DA5C9C21AE1F83009C7B73 /* Resources */,
			);
			buildRules = (
			);
			dependencies = (
			);
			name = "HWS-M7-Notes";
			productName = "HWS-M7-Notes";
			productReference = 21DA5C9E21AE1F83009C7B73 /* HWS-M7-Notes.app */;
			productType = "com.apple.product-type.application";
		};
/* End PBXNativeTarget section */

/* Begin PBXProject section */
		21DA5C9621AE1F83009C7B73 /* Project object */ = {
			isa = PBXProject;
			attributes = {
				LastSwiftUpdateCheck = 1010;
				LastUpgradeCheck = 1010;
				ORGANIZATIONNAME = "Luis M Gonzalez";
				TargetAttributes = {
					21DA5C9D21AE1F83009C7B73 = {
						CreatedOnToolsVersion = 10.1;
					};
				};
			};
			buildConfigurationList = 21DA5C9921AE1F83009C7B73 /* Build configuration list for PBXProject "HWS-M7-Notes" */;
			compatibilityVersion = "Xcode 9.3";
			developmentRegion = en;
			hasScannedForEncodings = 0;
			knownRegions = (
				en,
				Base,
			);
			mainGroup = 21DA5C9521AE1F83009C7B73;
			productRefGroup = 21DA5C9F21AE1F83009C7B73 /* Products */;
			projectDirPath = "";
			projectRoot = "";
			targets = (
				21DA5C9D21AE1F83009C7B73 /* HWS-M7-Notes */,
			);
		};
/* End PBXProject section */

/* Begin PBXResourcesBuildPhase section */
		21DA5C9C21AE1F83009C7B73 /* Resources */ = {
			isa = PBXResourcesBuildPhase;
			buildActionMask = 2147483647;
			files = (
				21DA5CAC21AE1F85009C7B73 /* LaunchScreen.storyboard in Resources */,
				21DA5CA921AE1F85009C7B73 /* Assets.xcassets in Resources */,
				21DA5CA721AE1F83009C7B73 /* Main.storyboard in Resources */,
			);
			runOnlyForDeploymentPostprocessing = 0;
		};
/* End PBXResourcesBuildPhase section */

/* Begin PBXShellScriptBuildPhase section */
		21DA5CB321AE2451009C7B73 /* ShellScript */ = {
			isa = PBXShellScriptBuildPhase;
			buildActionMask = 2147483647;
			files = (
			);
			inputFileListPaths = (
			);
			inputPaths = (
			);
			outputFileListPaths = (
			);
			outputPaths = (
			);
			runOnlyForDeploymentPostprocessing = 0;
			shellPath = /bin/sh;
			shellScript = "\"${PODS_ROOT}/SwiftLint/swiftlint\"\n";
		};
		B47A9099DBAF076B6E0E3360 /* [CP] Check Pods Manifest.lock */ = {
			isa = PBXShellScriptBuildPhase;
			buildActionMask = 2147483647;
			files = (
			);
			inputFileListPaths = (
			);
			inputPaths = (
				"${PODS_PODFILE_DIR_PATH}/Podfile.lock",
				"${PODS_ROOT}/Manifest.lock",
			);
			name = "[CP] Check Pods Manifest.lock";
			outputFileListPaths = (
			);
			outputPaths = (
				"$(DERIVED_FILE_DIR)/Pods-HWS-M7-Notes-checkManifestLockResult.txt",
			);
			runOnlyForDeploymentPostprocessing = 0;
			shellPath = /bin/sh;
			shellScript = "diff \"${PODS_PODFILE_DIR_PATH}/Podfile.lock\" \"${PODS_ROOT}/Manifest.lock\" > /dev/null\nif [ $? != 0 ] ; then\n    # print error to STDERR\n    echo \"error: The sandbox is not in sync with the Podfile.lock. Run 'pod install' or update your CocoaPods installation.\" >&2\n    exit 1\nfi\n# This output is used by Xcode 'outputs' to avoid re-running this script phase.\necho \"SUCCESS\" > \"${SCRIPT_OUTPUT_FILE_0}\"\n";
			showEnvVarsInLog = 0;
		};
/* End PBXShellScriptBuildPhase section */

/* Begin PBXSourcesBuildPhase section */
		21DA5C9A21AE1F83009C7B73 /* Sources */ = {
			isa = PBXSourcesBuildPhase;
			buildActionMask = 2147483647;
			files = (
				21DA5CA221AE1F83009C7B73 /* AppDelegate.swift in Sources */,
				21DA5CC221AE5131009C7B73 /* NotesTableVC+Background.swift in Sources */,
				21DA5CBA21AE41A6009C7B73 /* NotesTableVC.swift in Sources */,
				21DA5CB521AE4140009C7B73 /* Note.swift in Sources */,
				21DA5CC921AE5552009C7B73 /* NotesTableVC+customDateFormatter.swift in Sources */,
				21DA5CCE21AF4F31009C7B73 /* NotesTableVC+NavBar.swift in Sources */,
				21DA5CCB21AE57F3009C7B73 /* DetailVC.swift in Sources */,
			);
			runOnlyForDeploymentPostprocessing = 0;
		};
/* End PBXSourcesBuildPhase section */

/* Begin PBXVariantGroup section */
		21DA5CA521AE1F83009C7B73 /* Main.storyboard */ = {
			isa = PBXVariantGroup;
			children = (
				21DA5CA621AE1F83009C7B73 /* Base */,
			);
			name = Main.storyboard;
			sourceTree = "<group>";
		};
		21DA5CAA21AE1F85009C7B73 /* LaunchScreen.storyboard */ = {
			isa = PBXVariantGroup;
			children = (
				21DA5CAB21AE1F85009C7B73 /* Base */,
			);
			name = LaunchScreen.storyboard;
			sourceTree = "<group>";
		};
/* End PBXVariantGroup section */

/* Begin XCBuildConfiguration section */
		21DA5CAE21AE1F85009C7B73 /* Debug */ = {
			isa = XCBuildConfiguration;
			buildSettings = {
				ALWAYS_SEARCH_USER_PATHS = NO;
				CLANG_ANALYZER_NONNULL = YES;
				CLANG_ANALYZER_NUMBER_OBJECT_CONVERSION = YES_AGGRESSIVE;
				CLANG_CXX_LANGUAGE_STANDARD = "gnu++14";
				CLANG_CXX_LIBRARY = "libc++";
				CLANG_ENABLE_MODULES = YES;
				CLANG_ENABLE_OBJC_ARC = YES;
				CLANG_ENABLE_OBJC_WEAK = YES;
				CLANG_WARN_BLOCK_CAPTURE_AUTORELEASING = YES;
				CLANG_WARN_BOOL_CONVERSION = YES;
				CLANG_WARN_COMMA = YES;
				CLANG_WARN_CONSTANT_CONVERSION = YES;
				CLANG_WARN_DEPRECATED_OBJC_IMPLEMENTATIONS = YES;
				CLANG_WARN_DIRECT_OBJC_ISA_USAGE = YES_ERROR;
				CLANG_WARN_DOCUMENTATION_COMMENTS = YES;
				CLANG_WARN_EMPTY_BODY = YES;
				CLANG_WARN_ENUM_CONVERSION = YES;
				CLANG_WARN_INFINITE_RECURSION = YES;
				CLANG_WARN_INT_CONVERSION = YES;
				CLANG_WARN_NON_LITERAL_NULL_CONVERSION = YES;
				CLANG_WARN_OBJC_IMPLICIT_RETAIN_SELF = YES;
				CLANG_WARN_OBJC_LITERAL_CONVERSION = YES;
				CLANG_WARN_OBJC_ROOT_CLASS = YES_ERROR;
				CLANG_WARN_RANGE_LOOP_ANALYSIS = YES;
				CLANG_WARN_STRICT_PROTOTYPES = YES;
				CLANG_WARN_SUSPICIOUS_MOVE = YES;
				CLANG_WARN_UNGUARDED_AVAILABILITY = YES_AGGRESSIVE;
				CLANG_WARN_UNREACHABLE_CODE = YES;
				CLANG_WARN__DUPLICATE_METHOD_MATCH = YES;
				CODE_SIGN_IDENTITY = "iPhone Developer";
				COPY_PHASE_STRIP = NO;
				DEBUG_INFORMATION_FORMAT = dwarf;
				ENABLE_STRICT_OBJC_MSGSEND = YES;
				ENABLE_TESTABILITY = YES;
				GCC_C_LANGUAGE_STANDARD = gnu11;
				GCC_DYNAMIC_NO_PIC = NO;
				GCC_NO_COMMON_BLOCKS = YES;
				GCC_OPTIMIZATION_LEVEL = 0;
				GCC_PREPROCESSOR_DEFINITIONS = (
					"DEBUG=1",
					"$(inherited)",
				);
				GCC_WARN_64_TO_32_BIT_CONVERSION = YES;
				GCC_WARN_ABOUT_RETURN_TYPE = YES_ERROR;
				GCC_WARN_UNDECLARED_SELECTOR = YES;
				GCC_WARN_UNINITIALIZED_AUTOS = YES_AGGRESSIVE;
				GCC_WARN_UNUSED_FUNCTION = YES;
				GCC_WARN_UNUSED_VARIABLE = YES;
				IPHONEOS_DEPLOYMENT_TARGET = 12.1;
				MTL_ENABLE_DEBUG_INFO = INCLUDE_SOURCE;
				MTL_FAST_MATH = YES;
				ONLY_ACTIVE_ARCH = YES;
				SDKROOT = iphoneos;
				SWIFT_ACTIVE_COMPILATION_CONDITIONS = DEBUG;
				SWIFT_OPTIMIZATION_LEVEL = "-Onone";
			};
			name = Debug;
		};
		21DA5CAF21AE1F85009C7B73 /* Release */ = {
			isa = XCBuildConfiguration;
			buildSettings = {
				ALWAYS_SEARCH_USER_PATHS = NO;
				CLANG_ANALYZER_NONNULL = YES;
				CLANG_ANALYZER_NUMBER_OBJECT_CONVERSION = YES_AGGRESSIVE;
				CLANG_CXX_LANGUAGE_STANDARD = "gnu++14";
				CLANG_CXX_LIBRARY = "libc++";
				CLANG_ENABLE_MODULES = YES;
				CLANG_ENABLE_OBJC_ARC = YES;
				CLANG_ENABLE_OBJC_WEAK = YES;
				CLANG_WARN_BLOCK_CAPTURE_AUTORELEASING = YES;
				CLANG_WARN_BOOL_CONVERSION = YES;
				CLANG_WARN_COMMA = YES;
				CLANG_WARN_CONSTANT_CONVERSION = YES;
				CLANG_WARN_DEPRECATED_OBJC_IMPLEMENTATIONS = YES;
				CLANG_WARN_DIRECT_OBJC_ISA_USAGE = YES_ERROR;
				CLANG_WARN_DOCUMENTATION_COMMENTS = YES;
				CLANG_WARN_EMPTY_BODY = YES;
				CLANG_WARN_ENUM_CONVERSION = YES;
				CLANG_WARN_INFINITE_RECURSION = YES;
				CLANG_WARN_INT_CONVERSION = YES;
				CLANG_WARN_NON_LITERAL_NULL_CONVERSION = YES;
				CLANG_WARN_OBJC_IMPLICIT_RETAIN_SELF = YES;
				CLANG_WARN_OBJC_LITERAL_CONVERSION = YES;
				CLANG_WARN_OBJC_ROOT_CLASS = YES_ERROR;
				CLANG_WARN_RANGE_LOOP_ANALYSIS = YES;
				CLANG_WARN_STRICT_PROTOTYPES = YES;
				CLANG_WARN_SUSPICIOUS_MOVE = YES;
				CLANG_WARN_UNGUARDED_AVAILABILITY = YES_AGGRESSIVE;
				CLANG_WARN_UNREACHABLE_CODE = YES;
				CLANG_WARN__DUPLICATE_METHOD_MATCH = YES;
				CODE_SIGN_IDENTITY = "iPhone Developer";
				COPY_PHASE_STRIP = NO;
				DEBUG_INFORMATION_FORMAT = "dwarf-with-dsym";
				ENABLE_NS_ASSERTIONS = NO;
				ENABLE_STRICT_OBJC_MSGSEND = YES;
				GCC_C_LANGUAGE_STANDARD = gnu11;
				GCC_NO_COMMON_BLOCKS = YES;
				GCC_WARN_64_TO_32_BIT_CONVERSION = YES;
				GCC_WARN_ABOUT_RETURN_TYPE = YES_ERROR;
				GCC_WARN_UNDECLARED_SELECTOR = YES;
				GCC_WARN_UNINITIALIZED_AUTOS = YES_AGGRESSIVE;
				GCC_WARN_UNUSED_FUNCTION = YES;
				GCC_WARN_UNUSED_VARIABLE = YES;
				IPHONEOS_DEPLOYMENT_TARGET = 12.1;
				MTL_ENABLE_DEBUG_INFO = NO;
				MTL_FAST_MATH = YES;
				SDKROOT = iphoneos;
				SWIFT_COMPILATION_MODE = wholemodule;
				SWIFT_OPTIMIZATION_LEVEL = "-O";
				VALIDATE_PRODUCT = YES;
			};
			name = Release;
		};
		21DA5CB121AE1F85009C7B73 /* Debug */ = {
			isa = XCBuildConfiguration;
			baseConfigurationReference = 1E6B49391BE175C9AB7BE9CB /* Pods-HWS-M7-Notes.debug.xcconfig */;
			buildSettings = {
				ASSETCATALOG_COMPILER_APPICON_NAME = AppIcon;
				CODE_SIGN_STYLE = Automatic;
				DEVELOPMENT_TEAM = P86HH76G4P;
				INFOPLIST_FILE = "HWS-M7-Notes/Info.plist";
				LD_RUNPATH_SEARCH_PATHS = (
					"$(inherited)",
					"@executable_path/Frameworks",
				);
				PRODUCT_BUNDLE_IDENTIFIER = "com.luismgb.HWS-M7-Notes";
				PRODUCT_NAME = "$(TARGET_NAME)";
				SWIFT_VERSION = 4.2;
				TARGETED_DEVICE_FAMILY = 1;
			};
			name = Debug;
		};
		21DA5CB221AE1F85009C7B73 /* Release */ = {
			isa = XCBuildConfiguration;
			baseConfigurationReference = 7C89CBC0A9BAB8837DD9F00C /* Pods-HWS-M7-Notes.release.xcconfig */;
			buildSettings = {
				ASSETCATALOG_COMPILER_APPICON_NAME = AppIcon;
				CODE_SIGN_STYLE = Automatic;
				DEVELOPMENT_TEAM = P86HH76G4P;
				INFOPLIST_FILE = "HWS-M7-Notes/Info.plist";
				LD_RUNPATH_SEARCH_PATHS = (
					"$(inherited)",
					"@executable_path/Frameworks",
				);
				PRODUCT_BUNDLE_IDENTIFIER = "com.luismgb.HWS-M7-Notes";
				PRODUCT_NAME = "$(TARGET_NAME)";
				SWIFT_VERSION = 4.2;
				TARGETED_DEVICE_FAMILY = 1;
			};
			name = Release;
		};
/* End XCBuildConfiguration section */

/* Begin XCConfigurationList section */
		21DA5C9921AE1F83009C7B73 /* Build configuration list for PBXProject "HWS-M7-Notes" */ = {
			isa = XCConfigurationList;
			buildConfigurations = (
				21DA5CAE21AE1F85009C7B73 /* Debug */,
				21DA5CAF21AE1F85009C7B73 /* Release */,
			);
			defaultConfigurationIsVisible = 0;
			defaultConfigurationName = Release;
		};
		21DA5CB021AE1F85009C7B73 /* Build configuration list for PBXNativeTarget "HWS-M7-Notes" */ = {
			isa = XCConfigurationList;
			buildConfigurations = (
				21DA5CB121AE1F85009C7B73 /* Debug */,
				21DA5CB221AE1F85009C7B73 /* Release */,
			);
			defaultConfigurationIsVisible = 0;
			defaultConfigurationName = Release;
		};
/* End XCConfigurationList section */
	};
	rootObject = 21DA5C9621AE1F83009C7B73 /* Project object */;
}
